
Microsoft Visual Studio Solution File, Format Version 12.00
# Visual Studio Version 16
VisualStudioVersion = 16.0.32126.315
MinimumVisualStudioVersion = 10.0.40219.1
Project("{FAE04EC0-301F-11D3-BF4B-00C04F79EFBC}") = "mdl", "mdl.csproj", "{31E22658-B971-4D84-8E80-F03FF74393CD}"
EndProject
Project("{FAE04EC0-301F-11D3-BF4B-00C04F79EFBC}") = "mdl_winform", "..\mdl_winform\mdl_winform.csproj", "{693E373A-9DA2-4AEE-8E4D-8758495F2FCF}"
EndProject
Project("{FAE04EC0-301F-11D3-BF4B-00C04F79EFBC}") = "mdl_utils", "..\mdl_utils\mdl_utils.csproj", "{FF0FC4AC-7083-4F33-9103-4B9C2654CEC3}"
EndProject
Project("{FAE04EC0-301F-11D3-BF4B-00C04F79EFBC}") = "mdl_language", "..\mdl_language\mdl_language.csproj", "{542B6760-8BFE-4D73-B78D-48BDD183281E}"
EndProject
Project("{FAE04EC0-301F-11D3-BF4B-00C04F79EFBC}") = "mdl_webform", "..\mdl_webform\mdl_webform.csproj", "{8F1A1F60-E5A4-4AE2-BC3E-05E43D81794E}"
EndProject
Project("{FAE04EC0-301F-11D3-BF4B-00C04F79EFBC}") = "mdl_windows", "..\mdl_windows\mdl_windows.csproj", "{A23AAD87-A889-47A6-B538-47647A75EA8C}"
EndProject
Global
	GlobalSection(SolutionConfigurationPlatforms) = preSolution
		Debug|Any CPU = Debug|Any CPU
		Release|Any CPU = Release|Any CPU
	EndGlobalSection
	GlobalSection(ProjectConfigurationPlatforms) = postSolution
		{31E22658-B971-4D84-8E80-F03FF74393CD}.Debug|Any CPU.ActiveCfg = Debug|Any CPU
		{31E22658-B971-4D84-8E80-F03FF74393CD}.Debug|Any CPU.Build.0 = Debug|Any CPU
		{31E22658-B971-4D84-8E80-F03FF74393CD}.Release|Any CPU.ActiveCfg = Release|Any CPU
		{31E22658-B971-4D84-8E80-F03FF74393CD}.Release|Any CPU.Build.0 = Release|Any CPU
		{693E373A-9DA2-4AEE-8E4D-8758495F2FCF}.Debug|Any CPU.ActiveCfg = Debug|Any CPU
		{693E373A-9DA2-4AEE-8E4D-8758495F2FCF}.Debug|Any CPU.Build.0 = Debug|Any CPU
		{693E373A-9DA2-4AEE-8E4D-8758495F2FCF}.Release|Any CPU.ActiveCfg = Release|Any CPU
		{693E373A-9DA2-4AEE-8E4D-8758495F2FCF}.Release|Any CPU.Build.0 = Release|Any CPU
		{FF0FC4AC-7083-4F33-9103-4B9C2654CEC3}.Debug|Any CPU.ActiveCfg = Debug|Any CPU
		{FF0FC4AC-7083-4F33-9103-4B9C2654CEC3}.Debug|Any CPU.Build.0 = Debug|Any CPU
		{FF0FC4AC-7083-4F33-9103-4B9C2654CEC3}.Release|Any CPU.ActiveCfg = Release|Any CPU
		{FF0FC4AC-7083-4F33-9103-4B9C2654CEC3}.Release|Any CPU.Build.0 = Release|Any CPU
		{542B6760-8BFE-4D73-B78D-48BDD183281E}.Debug|Any CPU.ActiveCfg = Debug|Any CPU
		{542B6760-8BFE-4D73-B78D-48BDD183281E}.Debug|Any CPU.Build.0 = Debug|Any CPU
		{542B6760-8BFE-4D73-B78D-48BDD183281E}.Release|Any CPU.ActiveCfg = Release|Any CPU
		{542B6760-8BFE-4D73-B78D-48BDD183281E}.Release|Any CPU.Build.0 = Release|Any CPU
		{8F1A1F60-E5A4-4AE2-BC3E-05E43D81794E}.Debug|Any CPU.ActiveCfg = Debug|Any CPU
		{8F1A1F60-E5A4-4AE2-BC3E-05E43D81794E}.Debug|Any CPU.Build.0 = Debug|Any CPU
		{8F1A1F60-E5A4-4AE2-BC3E-05E43D81794E}.Release|Any CPU.ActiveCfg = Release|Any CPU
		{8F1A1F60-E5A4-4AE2-BC3E-05E43D81794E}.Release|Any CPU.Build.0 = Release|Any CPU
		{A23AAD87-A889-47A6-B538-47647A75EA8C}.Debug|Any CPU.ActiveCfg = Debug|Any CPU
		{A23AAD87-A889-47A6-B538-47647A75EA8C}.Debug|Any CPU.Build.0 = Debug|Any CPU
		{A23AAD87-A889-47A6-B538-47647A75EA8C}.Release|Any CPU.ActiveCfg = Release|Any CPU
		{A23AAD87-A889-47A6-B538-47647A75EA8C}.Release|Any CPU.Build.0 = Release|Any CPU
	EndGlobalSection
	GlobalSection(SolutionProperties) = preSolution
		HideSolutionNode = FALSE
	EndGlobalSection
	GlobalSection(ExtensibilityGlobals) = postSolution
		SolutionGuid = {C8F3DA90-4E50-4643-85FE-81555EEEA464}
	EndGlobalSection
EndGlobal
